<?xml version="1.0" encoding="utf-8"?>
<Project ToolsVersion="4.0" xmlns="http://schemas.microsoft.com/developer/msbuild/2003">
  <ItemGroup>
    <Filter Include="Source Files">
      <UniqueIdentifier>{4FC737F1-C7A5-4376-A066-2A32D752A2FF}</UniqueIdentifier>
      <Extensions>qml;cpp;c;cc;cxx;def;odl;idl;hpj;bat;asm;asmx</Extensions>
    </Filter>
    <Filter Include="Header Files">
      <UniqueIdentifier>{93995380-89BD-4b04-88EB-625FBE52EBFB}</UniqueIdentifier>
      <Extensions>h;hh;hpp;hxx;hm;inl;inc;xsd</Extensions>
    </Filter>
    <Filter Include="Resource Files">
      <UniqueIdentifier>{67DA6AB6-F800-4c08-8B7A-83BB121AAD01}</UniqueIdentifier>
      <Extensions>qrc;rc;ico;cur;bmp;dlg;rc2;rct;bin;rgs;gif;jpg;jpeg;jpe;resx;tiff;tif;png;wav;mfcribbon-ms</Extensions>
    </Filter>
    <Filter Include="Form Files">
      <UniqueIdentifier>{99349809-55BA-4b9d-BF79-8FDBB0286EB3}</UniqueIdentifier>
      <Extensions>ui</Extensions>
    </Filter>
    <Filter Include="Translation Files">
      <UniqueIdentifier>{639EADAA-A684-42e4-A9AD-28FC9BCB8F7C}</UniqueIdentifier>
      <Extensions>ts</Extensions>
    </Filter>
    <Filter Include="Shader Files">
      <UniqueIdentifier>{93154500-0de2-441b-8ffe-191459aea3fc}</UniqueIdentifier>
    </Filter>
  </ItemGroup>
  <ItemGroup>
    <ClCompile Include="src\main.cpp">
      <Filter>Source Files</Filter>
    </ClCompile>
    <ClCompile Include="src\mainWindow.cpp">
      <Filter>Source Files</Filter>
    </ClCompile>
    <ClCompile Include="src\bus.cpp">
      <Filter>Source Files</Filter>
    </ClCompile>
    <ClCompile Include="src\master.cpp">
      <Filter>Source Files</Filter>
    </ClCompile>
    <ClCompile Include="src\cart_mem.cpp">
      <Filter>Source Files</Filter>
    </ClCompile>
    <ClCompile Include="src\cartridge.cpp">
      <Filter>Source Files</Filter>
    </ClCompile>
    <ClCompile Include="src\cpu_6502.cpp">
      <Filter>Source Files</Filter>
    </ClCompile>
    <ClCompile Include="src\mapper.cpp">
      <Filter>Source Files</Filter>
    </ClCompile>
    <ClCompile Include="src\mapper_000.cpp">
      <Filter>Source Files</Filter>
    </ClCompile>
    <ClCompile Include="src\ppu_2C02.cpp">
      <Filter>Source Files</Filter>
    </ClCompile>
    <ClCompile Include="src\ram.cpp">
      <Filter>Source Files</Filter>
    </ClCompile>
    <ClCompile Include="src\nesRenderTarget.cpp">
      <Filter>Source Files</Filter>
    </ClCompile>
    <ClCompile Include="src\nes.cpp">
      <Filter>Source Files</Filter>
    </ClCompile>
  </ItemGroup>
  <ItemGroup>
    <QtMoc Include="include\mainWindow.h">
      <Filter>Header Files</Filter>
    </QtMoc>
    <QtMoc Include="include\nesRenderTarget.h">
      <Filter>Header Files</Filter>
    </QtMoc>
  </ItemGroup>
  <ItemGroup>
    <None Include="vcpkg.json" />
    <None Include=".gitignore" />
    <None Include="vcpkg_install.bat" />
    <None Include="src\shader\nesRenderTarget.frag">
      <Filter>Shader Files</Filter>
    </None>
    <None Include="src\shader\nesRenderTarget.vert">
      <Filter>Shader Files</Filter>
    </None>
  </ItemGroup>
  <ItemGroup>
    <ClInclude Include="include\bus.h">
      <Filter>Header Files</Filter>
    </ClInclude>
    <ClInclude Include="include\master.h">
      <Filter>Header Files</Filter>
    </ClInclude>
    <ClInclude Include="include\slave.h">
      <Filter>Header Files</Filter>
    </ClInclude>
    <ClInclude Include="include\cart_mem.h">
      <Filter>Header Files</Filter>
    </ClInclude>
    <ClInclude Include="include\cart.h">
      <Filter>Header Files</Filter>
    </ClInclude>
    <ClInclude Include="include\cpu_6502.h">
      <Filter>Header Files</Filter>
    </ClInclude>
    <ClInclude Include="include\mapper.h">
      <Filter>Header Files</Filter>
    </ClInclude>
    <ClInclude Include="include\mapper_000.h">
      <Filter>Header Files</Filter>
    </ClInclude>
    <ClInclude Include="include\ppu_2C02.h">
      <Filter>Header Files</Filter>
    </ClInclude>
    <ClInclude Include="include\ram.h">
      <Filter>Header Files</Filter>
    </ClInclude>
    <ClInclude Include="include\nes.h">
      <Filter>Header Files</Filter>
    </ClInclude>
  </ItemGroup>
</Project>